
Microsoft Visual Studio Solution File, Format Version 12.00
# Visual Studio Version 17
VisualStudioVersion = 17.12.35527.113
MinimumVisualStudioVersion = 10.0.40219.1
Project("{FAE04EC0-301F-11D3-BF4B-00C04F79EFBC}") = "ProjectGaia.Server", "ProjectGaia.Server\ProjectGaia.Server.csproj", "{1389B5AD-0F96-4690-B862-D767DADCF02D}"
EndProject
Project("{54A90642-561A-4BB1-A94E-469ADEE60C69}") = "projectgaia.client", "projectgaia.client\projectgaia.client.esproj", "{A5BC88F9-625B-4185-B5FC-2A5F76278D21}"
EndProject
Project("{FAE04EC0-301F-11D3-BF4B-00C04F79EFBC}") = "ProjectGaia.ServerTests", "ProjectGaia.ServerTests\ProjectGaia.ServerTests.csproj", "{B5DB5258-22DF-4095-9773-476D67E2A184}"
EndProject
Global
	GlobalSection(SolutionConfigurationPlatforms) = preSolution
		Debug|Any CPU = Debug|Any CPU
		Release|Any CPU = Release|Any CPU
	EndGlobalSection
	GlobalSection(ProjectConfigurationPlatforms) = postSolution
		{1389B5AD-0F96-4690-B862-D767DADCF02D}.Debug|Any CPU.ActiveCfg = Debug|Any CPU
		{1389B5AD-0F96-4690-B862-D767DADCF02D}.Debug|Any CPU.Build.0 = Debug|Any CPU
		{1389B5AD-0F96-4690-B862-D767DADCF02D}.Release|Any CPU.ActiveCfg = Release|Any CPU
		{1389B5AD-0F96-4690-B862-D767DADCF02D}.Release|Any CPU.Build.0 = Release|Any CPU
		{A5BC88F9-625B-4185-B5FC-2A5F76278D21}.Debug|Any CPU.ActiveCfg = Debug|Any CPU
		{A5BC88F9-625B-4185-B5FC-2A5F76278D21}.Debug|Any CPU.Build.0 = Debug|Any CPU
		{A5BC88F9-625B-4185-B5FC-2A5F76278D21}.Debug|Any CPU.Deploy.0 = Debug|Any CPU
		{A5BC88F9-625B-4185-B5FC-2A5F76278D21}.Release|Any CPU.ActiveCfg = Release|Any CPU
		{A5BC88F9-625B-4185-B5FC-2A5F76278D21}.Release|Any CPU.Build.0 = Release|Any CPU
		{A5BC88F9-625B-4185-B5FC-2A5F76278D21}.Release|Any CPU.Deploy.0 = Release|Any CPU
		{B5DB5258-22DF-4095-9773-476D67E2A184}.Debug|Any CPU.ActiveCfg = Debug|Any CPU
		{B5DB5258-22DF-4095-9773-476D67E2A184}.Debug|Any CPU.Build.0 = Debug|Any CPU
		{B5DB5258-22DF-4095-9773-476D67E2A184}.Release|Any CPU.ActiveCfg = Release|Any CPU
		{B5DB5258-22DF-4095-9773-476D67E2A184}.Release|Any CPU.Build.0 = Release|Any CPU
	EndGlobalSection
	GlobalSection(SolutionProperties) = preSolution
		HideSolutionNode = FALSE
	EndGlobalSection
EndGlobal
